// !$*UTF8*$!
{
	archiveVersion = 1;
	classes = {
	};
	objectVersion = 50;
	objects = {

/* Begin PBXBuildFile section */
		6CC0AB2B2278619A005A508D /* AppDelegate.swift in Sources */ = {isa = PBXBuildFile; fileRef = 6CC0AB2A2278619A005A508D /* AppDelegate.swift */; };
		6CC0AB2D2278619A005A508D /* CDViewController.swift in Sources */ = {isa = PBXBuildFile; fileRef = 6CC0AB2C2278619A005A508D /* CDViewController.swift */; };
		6CC0AB32227861A0005A508D /* Assets.xcassets in Resources */ = {isa = PBXBuildFile; fileRef = 6CC0AB31227861A0005A508D /* Assets.xcassets */; };
		6CC0AB35227861A0005A508D /* LaunchScreen.storyboard in Resources */ = {isa = PBXBuildFile; fileRef = 6CC0AB33227861A0005A508D /* LaunchScreen.storyboard */; };
		6CC0AB40227861A0005A508D /* CountryDataTests.swift in Sources */ = {isa = PBXBuildFile; fileRef = 6CC0AB3F227861A0005A508D /* CountryDataTests.swift */; };
		6CC0AB52227863C6005A508D /* CDModel.swift in Sources */ = {isa = PBXBuildFile; fileRef = 6CC0AB51227863C6005A508D /* CDModel.swift */; };
		6CC0AB5422786402005A508D /* CDViewModel.swift in Sources */ = {isa = PBXBuildFile; fileRef = 6CC0AB5322786402005A508D /* CDViewModel.swift */; };
		6CC0AB5622786450005A508D /* ReachabilityManager.swift in Sources */ = {isa = PBXBuildFile; fileRef = 6CC0AB5522786450005A508D /* ReachabilityManager.swift */; };
		6CC0AB5822786494005A508D /* ServiceHelper.swift in Sources */ = {isa = PBXBuildFile; fileRef = 6CC0AB5722786494005A508D /* ServiceHelper.swift */; };
		6CC0AB5A227864BB005A508D /* Constants.swift in Sources */ = {isa = PBXBuildFile; fileRef = 6CC0AB59227864BB005A508D /* Constants.swift */; };
/* End PBXBuildFile section */

/* Begin PBXContainerItemProxy section */
		6CC0AB3C227861A0005A508D /* PBXContainerItemProxy */ = {
			isa = PBXContainerItemProxy;
			containerPortal = 6CC0AB1F2278619A005A508D /* Project object */;
			proxyType = 1;
			remoteGlobalIDString = 6CC0AB262278619A005A508D;
			remoteInfo = CountryData;
		};
/* End PBXContainerItemProxy section */

/* Begin PBXFileReference section */
		6CC0AB272278619A005A508D /* CountryData.app */ = {isa = PBXFileReference; explicitFileType = wrapper.application; includeInIndex = 0; path = CountryData.app; sourceTree = BUILT_PRODUCTS_DIR; };
		6CC0AB2A2278619A005A508D /* AppDelegate.swift */ = {isa = PBXFileReference; lastKnownFileType = sourcecode.swift; path = AppDelegate.swift; sourceTree = "<group>"; };
		6CC0AB2C2278619A005A508D /* CDViewController.swift */ = {isa = PBXFileReference; lastKnownFileType = sourcecode.swift; path = CDViewController.swift; sourceTree = "<group>"; };
		6CC0AB31227861A0005A508D /* Assets.xcassets */ = {isa = PBXFileReference; lastKnownFileType = folder.assetcatalog; path = Assets.xcassets; sourceTree = "<group>"; };
		6CC0AB34227861A0005A508D /* Base */ = {isa = PBXFileReference; lastKnownFileType = file.storyboard; name = Base; path = Base.lproj/LaunchScreen.storyboard; sourceTree = "<group>"; };
		6CC0AB36227861A0005A508D /* Info.plist */ = {isa = PBXFileReference; lastKnownFileType = text.plist.xml; path = Info.plist; sourceTree = "<group>"; };
		6CC0AB3B227861A0005A508D /* CountryDataTests.xctest */ = {isa = PBXFileReference; explicitFileType = wrapper.cfbundle; includeInIndex = 0; path = CountryDataTests.xctest; sourceTree = BUILT_PRODUCTS_DIR; };
		6CC0AB3F227861A0005A508D /* CountryDataTests.swift */ = {isa = PBXFileReference; lastKnownFileType = sourcecode.swift; path = CountryDataTests.swift; sourceTree = "<group>"; };
		6CC0AB41227861A0005A508D /* Info.plist */ = {isa = PBXFileReference; lastKnownFileType = text.plist.xml; path = Info.plist; sourceTree = "<group>"; };
		6CC0AB51227863C6005A508D /* CDModel.swift */ = {isa = PBXFileReference; lastKnownFileType = sourcecode.swift; path = CDModel.swift; sourceTree = "<group>"; };
		6CC0AB5322786402005A508D /* CDViewModel.swift */ = {isa = PBXFileReference; lastKnownFileType = sourcecode.swift; path = CDViewModel.swift; sourceTree = "<group>"; };
		6CC0AB5522786450005A508D /* ReachabilityManager.swift */ = {isa = PBXFileReference; lastKnownFileType = sourcecode.swift; path = ReachabilityManager.swift; sourceTree = "<group>"; };
		6CC0AB5722786494005A508D /* ServiceHelper.swift */ = {isa = PBXFileReference; lastKnownFileType = sourcecode.swift; path = ServiceHelper.swift; sourceTree = "<group>"; };
		6CC0AB59227864BB005A508D /* Constants.swift */ = {isa = PBXFileReference; lastKnownFileType = sourcecode.swift; path = Constants.swift; sourceTree = "<group>"; };
/* End PBXFileReference section */

/* Begin PBXFrameworksBuildPhase section */
		6CC0AB242278619A005A508D /* Frameworks */ = {
			isa = PBXFrameworksBuildPhase;
			buildActionMask = 2147483647;
			files = (
			);
			runOnlyForDeploymentPostprocessing = 0;
		};
		6CC0AB38227861A0005A508D /* Frameworks */ = {
			isa = PBXFrameworksBuildPhase;
			buildActionMask = 2147483647;
			files = (
			);
			runOnlyForDeploymentPostprocessing = 0;
		};
/* End PBXFrameworksBuildPhase section */

/* Begin PBXGroup section */
		6CC0AB1E2278619A005A508D = {
			isa = PBXGroup;
			children = (
				6CC0AB292278619A005A508D /* CountryData */,
				6CC0AB3E227861A0005A508D /* CountryDataTests */,
				6CC0AB282278619A005A508D /* Products */,
			);
			sourceTree = "<group>";
		};
		6CC0AB282278619A005A508D /* Products */ = {
			isa = PBXGroup;
			children = (
				6CC0AB272278619A005A508D /* CountryData.app */,
				6CC0AB3B227861A0005A508D /* CountryDataTests.xctest */,
			);
			name = Products;
			sourceTree = "<group>";
		};
		6CC0AB292278619A005A508D /* CountryData */ = {
			isa = PBXGroup;
			children = (
				6CC0AB5022786352005A508D /* Models */,
				6CC0AB4F22786346005A508D /* Views */,
				6CC0AB4E2278633D005A508D /* ViewModels */,
				6CC0AB4D22786335005A508D /* ServiceKit */,
				6CC0AB4C2278632D005A508D /* Utilities */,
				6CC0AB4B22786325005A508D /* Styles */,
				6CC0AB4A2278631A005A508D /* NetworkManager */,
				6CC0AB2A2278619A005A508D /* AppDelegate.swift */,
				6CC0AB31227861A0005A508D /* Assets.xcassets */,
				6CC0AB33227861A0005A508D /* LaunchScreen.storyboard */,
				6CC0AB36227861A0005A508D /* Info.plist */,
			);
			path = CountryData;
			sourceTree = "<group>";
		};
		6CC0AB3E227861A0005A508D /* CountryDataTests */ = {
			isa = PBXGroup;
			children = (
				6CC0AB3F227861A0005A508D /* CountryDataTests.swift */,
				6CC0AB41227861A0005A508D /* Info.plist */,
			);
			path = CountryDataTests;
			sourceTree = "<group>";
		};
		6CC0AB4A2278631A005A508D /* NetworkManager */ = {
			isa = PBXGroup;
			children = (
				6CC0AB5522786450005A508D /* ReachabilityManager.swift */,
			);
			path = NetworkManager;
			sourceTree = "<group>";
		};
		6CC0AB4B22786325005A508D /* Styles */ = {
			isa = PBXGroup;
			children = (
			);
			path = Styles;
			sourceTree = "<group>";
		};
		6CC0AB4C2278632D005A508D /* Utilities */ = {
			isa = PBXGroup;
			children = (
				6CC0AB59227864BB005A508D /* Constants.swift */,
			);
			path = Utilities;
			sourceTree = "<group>";
		};
		6CC0AB4D22786335005A508D /* ServiceKit */ = {
			isa = PBXGroup;
			children = (
				6CC0AB5722786494005A508D /* ServiceHelper.swift */,
			);
			path = ServiceKit;
			sourceTree = "<group>";
		};
		6CC0AB4E2278633D005A508D /* ViewModels */ = {
			isa = PBXGroup;
			children = (
				6CC0AB5322786402005A508D /* CDViewModel.swift */,
			);
			path = ViewModels;
			sourceTree = "<group>";
		};
		6CC0AB4F22786346005A508D /* Views */ = {
			isa = PBXGroup;
			children = (
				6CC0AB2C2278619A005A508D /* CDViewController.swift */,
			);
			path = Views;
			sourceTree = "<group>";
		};
		6CC0AB5022786352005A508D /* Models */ = {
			isa = PBXGroup;
			children = (
				6CC0AB51227863C6005A508D /* CDModel.swift */,
			);
			path = Models;
			sourceTree = "<group>";
		};
/* End PBXGroup section */

/* Begin PBXNativeTarget section */
		6CC0AB262278619A005A508D /* CountryData */ = {
			isa = PBXNativeTarget;
			buildConfigurationList = 6CC0AB44227861A0005A508D /* Build configuration list for PBXNativeTarget "CountryData" */;
			buildPhases = (
				6CC0AB232278619A005A508D /* Sources */,
				6CC0AB242278619A005A508D /* Frameworks */,
				6CC0AB252278619A005A508D /* Resources */,
			);
			buildRules = (
			);
			dependencies = (
			);
			name = CountryData;
			productName = CountryData;
			productReference = 6CC0AB272278619A005A508D /* CountryData.app */;
			productType = "com.apple.product-type.application";
		};
		6CC0AB3A227861A0005A508D /* CountryDataTests */ = {
			isa = PBXNativeTarget;
			buildConfigurationList = 6CC0AB47227861A0005A508D /* Build configuration list for PBXNativeTarget "CountryDataTests" */;
			buildPhases = (
				6CC0AB37227861A0005A508D /* Sources */,
				6CC0AB38227861A0005A508D /* Frameworks */,
				6CC0AB39227861A0005A508D /* Resources */,
			);
			buildRules = (
			);
			dependencies = (
				6CC0AB3D227861A0005A508D /* PBXTargetDependency */,
			);
			name = CountryDataTests;
			productName = CountryDataTests;
			productReference = 6CC0AB3B227861A0005A508D /* CountryDataTests.xctest */;
			productType = "com.apple.product-type.bundle.unit-test";
		};
/* End PBXNativeTarget section */

/* Begin PBXProject section */
		6CC0AB1F2278619A005A508D /* Project object */ = {
			isa = PBXProject;
			attributes = {
				LastSwiftUpdateCheck = 1010;
				LastUpgradeCheck = 1010;
				ORGANIZATIONNAME = cognizant;
				TargetAttributes = {
					6CC0AB262278619A005A508D = {
						CreatedOnToolsVersion = 10.1;
					};
					6CC0AB3A227861A0005A508D = {
						CreatedOnToolsVersion = 10.1;
						TestTargetID = 6CC0AB262278619A005A508D;
					};
				};
			};
			buildConfigurationList = 6CC0AB222278619A005A508D /* Build configuration list for PBXProject "CountryData" */;
			compatibilityVersion = "Xcode 9.3";
			developmentRegion = en;
			hasScannedForEncodings = 0;
			knownRegions = (
				en,
				Base,
			);
			mainGroup = 6CC0AB1E2278619A005A508D;
			productRefGroup = 6CC0AB282278619A005A508D /* Products */;
			projectDirPath = "";
			projectRoot = "";
			targets = (
				6CC0AB262278619A005A508D /* CountryData */,
				6CC0AB3A227861A0005A508D /* CountryDataTests */,
			);
		};
/* End PBXProject section */

/* Begin PBXResourcesBuildPhase section */
		6CC0AB252278619A005A508D /* Resources */ = {
			isa = PBXResourcesBuildPhase;
			buildActionMask = 2147483647;
			files = (
				6CC0AB35227861A0005A508D /* LaunchScreen.storyboard in Resources */,
				6CC0AB32227861A0005A508D /* Assets.xcassets in Resources */,
			);
			runOnlyForDeploymentPostprocessing = 0;
		};
		6CC0AB39227861A0005A508D /* Resources */ = {
			isa = PBXResourcesBuildPhase;
			buildActionMask = 2147483647;
			files = (
			);
			runOnlyForDeploymentPostprocessing = 0;
		};
/* End PBXResourcesBuildPhase section */

/* Begin PBXSourcesBuildPhase section */
		6CC0AB232278619A005A508D /* Sources */ = {
			isa = PBXSourcesBuildPhase;
			buildActionMask = 2147483647;
			files = (
				6CC0AB2D2278619A005A508D /* CDViewController.swift in Sources */,
				6CC0AB2B2278619A005A508D /* AppDelegate.swift in Sources */,
				6CC0AB52227863C6005A508D /* CDModel.swift in Sources */,
				6CC0AB5422786402005A508D /* CDViewModel.swift in Sources */,
				6CC0AB5A227864BB005A508D /* Constants.swift in Sources */,
				6CC0AB5622786450005A508D /* ReachabilityManager.swift in Sources */,
				6CC0AB5822786494005A508D /* ServiceHelper.swift in Sources */,
			);
			runOnlyForDeploymentPostprocessing = 0;
		};
		6CC0AB37227861A0005A508D /* Sources */ = {
			isa = PBXSourcesBuildPhase;
			buildActionMask = 2147483647;
			files = (
				6CC0AB40227861A0005A508D /* CountryDataTests.swift in Sources */,
			);
			runOnlyForDeploymentPostprocessing = 0;
		};
/* End PBXSourcesBuildPhase section */

/* Begin PBXTargetDependency section */
		6CC0AB3D227861A0005A508D /* PBXTargetDependency */ = {
			isa = PBXTargetDependency;
			target = 6CC0AB262278619A005A508D /* CountryData */;
			targetProxy = 6CC0AB3C227861A0005A508D /* PBXContainerItemProxy */;
		};
/* End PBXTargetDependency section */

/* Begin PBXVariantGroup section */
		6CC0AB33227861A0005A508D /* LaunchScreen.storyboard */ = {
			isa = PBXVariantGroup;
			children = (
				6CC0AB34227861A0005A508D /* Base */,
			);
			name = LaunchScreen.storyboard;
			sourceTree = "<group>";
		};
/* End PBXVariantGroup section */

/* Begin XCBuildConfiguration section */
		6CC0AB42227861A0005A508D /* Debug */ = {
			isa = XCBuildConfiguration;
			buildSettings = {
				ALWAYS_SEARCH_USER_PATHS = NO;
				CLANG_ANALYZER_NONNULL = YES;
				CLANG_ANALYZER_NUMBER_OBJECT_CONVERSION = YES_AGGRESSIVE;
				CLANG_CXX_LANGUAGE_STANDARD = "gnu++14";
				CLANG_CXX_LIBRARY = "libc++";
				CLANG_ENABLE_MODULES = YES;
				CLANG_ENABLE_OBJC_ARC = YES;
				CLANG_ENABLE_OBJC_WEAK = YES;
				CLANG_WARN_BLOCK_CAPTURE_AUTORELEASING = YES;
				CLANG_WARN_BOOL_CONVERSION = YES;
				CLANG_WARN_COMMA = YES;
				CLANG_WARN_CONSTANT_CONVERSION = YES;
				CLANG_WARN_DEPRECATED_OBJC_IMPLEMENTATIONS = YES;
				CLANG_WARN_DIRECT_OBJC_ISA_USAGE = YES_ERROR;
				CLANG_WARN_DOCUMENTATION_COMMENTS = YES;
				CLANG_WARN_EMPTY_BODY = YES;
				CLANG_WARN_ENUM_CONVERSION = YES;
				CLANG_WARN_INFINITE_RECURSION = YES;
				CLANG_WARN_INT_CONVERSION = YES;
				CLANG_WARN_NON_LITERAL_NULL_CONVERSION = YES;
				CLANG_WARN_OBJC_IMPLICIT_RETAIN_SELF = YES;
				CLANG_WARN_OBJC_LITERAL_CONVERSION = YES;
				CLANG_WARN_OBJC_ROOT_CLASS = YES_ERROR;
				CLANG_WARN_RANGE_LOOP_ANALYSIS = YES;
				CLANG_WARN_STRICT_PROTOTYPES = YES;
				CLANG_WARN_SUSPICIOUS_MOVE = YES;
				CLANG_WARN_UNGUARDED_AVAILABILITY = YES_AGGRESSIVE;
				CLANG_WARN_UNREACHABLE_CODE = YES;
				CLANG_WARN__DUPLICATE_METHOD_MATCH = YES;
				CODE_SIGN_IDENTITY = "iPhone Developer";
				COPY_PHASE_STRIP = NO;
				DEBUG_INFORMATION_FORMAT = dwarf;
				ENABLE_STRICT_OBJC_MSGSEND = YES;
				ENABLE_TESTABILITY = YES;
				GCC_C_LANGUAGE_STANDARD = gnu11;
				GCC_DYNAMIC_NO_PIC = NO;
				GCC_NO_COMMON_BLOCKS = YES;
				GCC_OPTIMIZATION_LEVEL = 0;
				GCC_PREPROCESSOR_DEFINITIONS = (
					"DEBUG=1",
					"$(inherited)",
				);
				GCC_WARN_64_TO_32_BIT_CONVERSION = YES;
				GCC_WARN_ABOUT_RETURN_TYPE = YES_ERROR;
				GCC_WARN_UNDECLARED_SELECTOR = YES;
				GCC_WARN_UNINITIALIZED_AUTOS = YES_AGGRESSIVE;
				GCC_WARN_UNUSED_FUNCTION = YES;
				GCC_WARN_UNUSED_VARIABLE = YES;
				IPHONEOS_DEPLOYMENT_TARGET = 12.1;
				MTL_ENABLE_DEBUG_INFO = INCLUDE_SOURCE;
				MTL_FAST_MATH = YES;
				ONLY_ACTIVE_ARCH = YES;
				SDKROOT = iphoneos;
				SWIFT_ACTIVE_COMPILATION_CONDITIONS = DEBUG;
				SWIFT_OPTIMIZATION_LEVEL = "-Onone";
			};
			name = Debug;
		};
		6CC0AB43227861A0005A508D /* Release */ = {
			isa = XCBuildConfiguration;
			buildSettings = {
				ALWAYS_SEARCH_USER_PATHS = NO;
				CLANG_ANALYZER_NONNULL = YES;
				CLANG_ANALYZER_NUMBER_OBJECT_CONVERSION = YES_AGGRESSIVE;
				CLANG_CXX_LANGUAGE_STANDARD = "gnu++14";
				CLANG_CXX_LIBRARY = "libc++";
				CLANG_ENABLE_MODULES = YES;
				CLANG_ENABLE_OBJC_ARC = YES;
				CLANG_ENABLE_OBJC_WEAK = YES;
				CLANG_WARN_BLOCK_CAPTURE_AUTORELEASING = YES;
				CLANG_WARN_BOOL_CONVERSION = YES;
				CLANG_WARN_COMMA = YES;
				CLANG_WARN_CONSTANT_CONVERSION = YES;
				CLANG_WARN_DEPRECATED_OBJC_IMPLEMENTATIONS = YES;
				CLANG_WARN_DIRECT_OBJC_ISA_USAGE = YES_ERROR;
				CLANG_WARN_DOCUMENTATION_COMMENTS = YES;
				CLANG_WARN_EMPTY_BODY = YES;
				CLANG_WARN_ENUM_CONVERSION = YES;
				CLANG_WARN_INFINITE_RECURSION = YES;
				CLANG_WARN_INT_CONVERSION = YES;
				CLANG_WARN_NON_LITERAL_NULL_CONVERSION = YES;
				CLANG_WARN_OBJC_IMPLICIT_RETAIN_SELF = YES;
				CLANG_WARN_OBJC_LITERAL_CONVERSION = YES;
				CLANG_WARN_OBJC_ROOT_CLASS = YES_ERROR;
				CLANG_WARN_RANGE_LOOP_ANALYSIS = YES;
				CLANG_WARN_STRICT_PROTOTYPES = YES;
				CLANG_WARN_SUSPICIOUS_MOVE = YES;
				CLANG_WARN_UNGUARDED_AVAILABILITY = YES_AGGRESSIVE;
				CLANG_WARN_UNREACHABLE_CODE = YES;
				CLANG_WARN__DUPLICATE_METHOD_MATCH = YES;
				CODE_SIGN_IDENTITY = "iPhone Developer";
				COPY_PHASE_STRIP = NO;
				DEBUG_INFORMATION_FORMAT = "dwarf-with-dsym";
				ENABLE_NS_ASSERTIONS = NO;
				ENABLE_STRICT_OBJC_MSGSEND = YES;
				GCC_C_LANGUAGE_STANDARD = gnu11;
				GCC_NO_COMMON_BLOCKS = YES;
				GCC_WARN_64_TO_32_BIT_CONVERSION = YES;
				GCC_WARN_ABOUT_RETURN_TYPE = YES_ERROR;
				GCC_WARN_UNDECLARED_SELECTOR = YES;
				GCC_WARN_UNINITIALIZED_AUTOS = YES_AGGRESSIVE;
				GCC_WARN_UNUSED_FUNCTION = YES;
				GCC_WARN_UNUSED_VARIABLE = YES;
				IPHONEOS_DEPLOYMENT_TARGET = 12.1;
				MTL_ENABLE_DEBUG_INFO = NO;
				MTL_FAST_MATH = YES;
				SDKROOT = iphoneos;
				SWIFT_COMPILATION_MODE = wholemodule;
				SWIFT_OPTIMIZATION_LEVEL = "-O";
				VALIDATE_PRODUCT = YES;
			};
			name = Release;
		};
		6CC0AB45227861A0005A508D /* Debug */ = {
			isa = XCBuildConfiguration;
			buildSettings = {
				ASSETCATALOG_COMPILER_APPICON_NAME = AppIcon;
				CODE_SIGN_STYLE = Automatic;
				INFOPLIST_FILE = CountryData/Info.plist;
				LD_RUNPATH_SEARCH_PATHS = (
					"$(inherited)",
					"@executable_path/Frameworks",
				);
				PRODUCT_BUNDLE_IDENTIFIER = com.cognizant.com.CountryData;
				PRODUCT_NAME = "$(TARGET_NAME)";
				SWIFT_VERSION = 4.2;
				TARGETED_DEVICE_FAMILY = "1,2";
			};
			name = Debug;
		};
		6CC0AB46227861A0005A508D /* Release */ = {
			isa = XCBuildConfiguration;
			buildSettings = {
				ASSETCATALOG_COMPILER_APPICON_NAME = AppIcon;
				CODE_SIGN_STYLE = Automatic;
				INFOPLIST_FILE = CountryData/Info.plist;
				LD_RUNPATH_SEARCH_PATHS = (
					"$(inherited)",
					"@executable_path/Frameworks",
				);
				PRODUCT_BUNDLE_IDENTIFIER = com.cognizant.com.CountryData;
				PRODUCT_NAME = "$(TARGET_NAME)";
				SWIFT_VERSION = 4.2;
				TARGETED_DEVICE_FAMILY = "1,2";
			};
			name = Release;
		};
		6CC0AB48227861A0005A508D /* Debug */ = {
			isa = XCBuildConfiguration;
			buildSettings = {
				ALWAYS_EMBED_SWIFT_STANDARD_LIBRARIES = YES;
				BUNDLE_LOADER = "$(TEST_HOST)";
				CODE_SIGN_STYLE = Automatic;
				INFOPLIST_FILE = CountryDataTests/Info.plist;
				LD_RUNPATH_SEARCH_PATHS = (
					"$(inherited)",
					"@executable_path/Frameworks",
					"@loader_path/Frameworks",
				);
				PRODUCT_BUNDLE_IDENTIFIER = com.cognizant.com.CountryDataTests;
				PRODUCT_NAME = "$(TARGET_NAME)";
				SWIFT_VERSION = 4.2;
				TARGETED_DEVICE_FAMILY = "1,2";
				TEST_HOST = "$(BUILT_PRODUCTS_DIR)/CountryData.app/CountryData";
			};
			name = Debug;
		};
		6CC0AB49227861A0005A508D /* Release */ = {
			isa = XCBuildConfiguration;
			buildSettings = {
				ALWAYS_EMBED_SWIFT_STANDARD_LIBRARIES = YES;
				BUNDLE_LOADER = "$(TEST_HOST)";
				CODE_SIGN_STYLE = Automatic;
				INFOPLIST_FILE = CountryDataTests/Info.plist;
				LD_RUNPATH_SEARCH_PATHS = (
					"$(inherited)",
					"@executable_path/Frameworks",
					"@loader_path/Frameworks",
				);
				PRODUCT_BUNDLE_IDENTIFIER = com.cognizant.com.CountryDataTests;
				PRODUCT_NAME = "$(TARGET_NAME)";
				SWIFT_VERSION = 4.2;
				TARGETED_DEVICE_FAMILY = "1,2";
				TEST_HOST = "$(BUILT_PRODUCTS_DIR)/CountryData.app/CountryData";
			};
			name = Release;
		};
/* End XCBuildConfiguration section */

/* Begin XCConfigurationList section */
		6CC0AB222278619A005A508D /* Build configuration list for PBXProject "CountryData" */ = {
			isa = XCConfigurationList;
			buildConfigurations = (
				6CC0AB42227861A0005A508D /* Debug */,
				6CC0AB43227861A0005A508D /* Release */,
			);
			defaultConfigurationIsVisible = 0;
			defaultConfigurationName = Release;
		};
		6CC0AB44227861A0005A508D /* Build configuration list for PBXNativeTarget "CountryData" */ = {
			isa = XCConfigurationList;
			buildConfigurations = (
				6CC0AB45227861A0005A508D /* Debug */,
				6CC0AB46227861A0005A508D /* Release */,
			);
			defaultConfigurationIsVisible = 0;
			defaultConfigurationName = Release;
		};
		6CC0AB47227861A0005A508D /* Build configuration list for PBXNativeTarget "CountryDataTests" */ = {
			isa = XCConfigurationList;
			buildConfigurations = (
				6CC0AB48227861A0005A508D /* Debug */,
				6CC0AB49227861A0005A508D /* Release */,
			);
			defaultConfigurationIsVisible = 0;
			defaultConfigurationName = Release;
		};
/* End XCConfigurationList section */
	};
	rootObject = 6CC0AB1F2278619A005A508D /* Project object */;
}
